// !$*UTF8*$!
{
	archiveVersion = 1;
	classes = {
	};
	objectVersion = 55;
	objects = {

/* Begin PBXBuildFile section */
		7855E84F28D3234F0091F5B4 /* AppDelegate.swift in Sources */ = {isa = PBXBuildFile; fileRef = 7855E84E28D3234F0091F5B4 /* AppDelegate.swift */; };
		7855E85128D3234F0091F5B4 /* SceneDelegate.swift in Sources */ = {isa = PBXBuildFile; fileRef = 7855E85028D3234F0091F5B4 /* SceneDelegate.swift */; };
		7855E85328D3234F0091F5B4 /* ViewController.swift in Sources */ = {isa = PBXBuildFile; fileRef = 7855E85228D3234F0091F5B4 /* ViewController.swift */; };
		7855E85628D3234F0091F5B4 /* Main.storyboard in Resources */ = {isa = PBXBuildFile; fileRef = 7855E85428D3234F0091F5B4 /* Main.storyboard */; };
		7855E85828D323510091F5B4 /* Assets.xcassets in Resources */ = {isa = PBXBuildFile; fileRef = 7855E85728D323510091F5B4 /* Assets.xcassets */; };
		7855E85B28D323510091F5B4 /* LaunchScreen.storyboard in Resources */ = {isa = PBXBuildFile; fileRef = 7855E85928D323510091F5B4 /* LaunchScreen.storyboard */; };
		7855E8B428D323E30091F5B4 /* LoginPresenter.swift in Sources */ = {isa = PBXBuildFile; fileRef = 7855E86528D323E20091F5B4 /* LoginPresenter.swift */; };
		7855E8B528D323E30091F5B4 /* LoginVC.swift in Sources */ = {isa = PBXBuildFile; fileRef = 7855E86728D323E20091F5B4 /* LoginVC.swift */; };
		7855E8B628D323E30091F5B4 /* Login.storyboard in Resources */ = {isa = PBXBuildFile; fileRef = 7855E86828D323E20091F5B4 /* Login.storyboard */; };
		7855E8B728D323E30091F5B4 /* LoginProtocols.swift in Sources */ = {isa = PBXBuildFile; fileRef = 7855E86A28D323E20091F5B4 /* LoginProtocols.swift */; };
		7855E8B828D323E30091F5B4 /* LoginInteractor.swift in Sources */ = {isa = PBXBuildFile; fileRef = 7855E86C28D323E20091F5B4 /* LoginInteractor.swift */; };
		7855E8B928D323E30091F5B4 /* LoginRouter.swift in Sources */ = {isa = PBXBuildFile; fileRef = 7855E86E28D323E30091F5B4 /* LoginRouter.swift */; };
		7855E8BA28D323E30091F5B4 /* MenuPresenter.swift in Sources */ = {isa = PBXBuildFile; fileRef = 7855E87128D323E30091F5B4 /* MenuPresenter.swift */; };
		7855E8BB28D323E30091F5B4 /* MenuProtocols.swift in Sources */ = {isa = PBXBuildFile; fileRef = 7855E87328D323E30091F5B4 /* MenuProtocols.swift */; };
		7855E8BC28D323E30091F5B4 /* Menu.storyboard in Resources */ = {isa = PBXBuildFile; fileRef = 7855E87528D323E30091F5B4 /* Menu.storyboard */; };
		7855E8BD28D323E30091F5B4 /* MenuCollectionViewCell.swift in Sources */ = {isa = PBXBuildFile; fileRef = 7855E87728D323E30091F5B4 /* MenuCollectionViewCell.swift */; };
		7855E8BE28D323E30091F5B4 /* MenuVC.swift in Sources */ = {isa = PBXBuildFile; fileRef = 7855E87828D323E30091F5B4 /* MenuVC.swift */; };
		7855E8BF28D323E30091F5B4 /* MenuInteractor.swift in Sources */ = {isa = PBXBuildFile; fileRef = 7855E87A28D323E30091F5B4 /* MenuInteractor.swift */; };
		7855E8C028D323E30091F5B4 /* MenuRouter.swift in Sources */ = {isa = PBXBuildFile; fileRef = 7855E87C28D323E30091F5B4 /* MenuRouter.swift */; };
		7855E8C128D323E30091F5B4 /* SettingsVC.swift in Sources */ = {isa = PBXBuildFile; fileRef = 7855E87E28D323E30091F5B4 /* SettingsVC.swift */; };
		7855E8C228D323E30091F5B4 /* Settings.storyboard in Resources */ = {isa = PBXBuildFile; fileRef = 7855E87F28D323E30091F5B4 /* Settings.storyboard */; };
		7855E8C328D323E30091F5B4 /* PaymentVC.swift in Sources */ = {isa = PBXBuildFile; fileRef = 7855E88228D323E30091F5B4 /* PaymentVC.swift */; };
		7855E8C428D323E30091F5B4 /* Payment.storyboard in Resources */ = {isa = PBXBuildFile; fileRef = 7855E88328D323E30091F5B4 /* Payment.storyboard */; };
		7855E8C528D323E30091F5B4 /* FoodDetailsPresenter.swift in Sources */ = {isa = PBXBuildFile; fileRef = 7855E88628D323E30091F5B4 /* FoodDetailsPresenter.swift */; };
		7855E8C628D323E30091F5B4 /* FoodDetailsProtocols.swift in Sources */ = {isa = PBXBuildFile; fileRef = 7855E88828D323E30091F5B4 /* FoodDetailsProtocols.swift */; };
		7855E8C728D323E30091F5B4 /* Detay.storyboard in Resources */ = {isa = PBXBuildFile; fileRef = 7855E88A28D323E30091F5B4 /* Detay.storyboard */; };
		7855E8C828D323E30091F5B4 /* FoodDetailsVC.swift in Sources */ = {isa = PBXBuildFile; fileRef = 7855E88B28D323E30091F5B4 /* FoodDetailsVC.swift */; };
		7855E8C928D323E30091F5B4 /* FoodDetailsInteractor.swift in Sources */ = {isa = PBXBuildFile; fileRef = 7855E88D28D323E30091F5B4 /* FoodDetailsInteractor.swift */; };
		7855E8CA28D323E30091F5B4 /* FoodDetailsRouter.swift in Sources */ = {isa = PBXBuildFile; fileRef = 7855E88F28D323E30091F5B4 /* FoodDetailsRouter.swift */; };
		7855E8CB28D323E30091F5B4 /* ShoppingCartPresenter.swift in Sources */ = {isa = PBXBuildFile; fileRef = 7855E89228D323E30091F5B4 /* ShoppingCartPresenter.swift */; };
		7855E8CC28D323E30091F5B4 /* ShoppingCartProtocols.swift in Sources */ = {isa = PBXBuildFile; fileRef = 7855E89428D323E30091F5B4 /* ShoppingCartProtocols.swift */; };
		7855E8CD28D323E30091F5B4 /* ShoppingCartVC.swift in Sources */ = {isa = PBXBuildFile; fileRef = 7855E89628D323E30091F5B4 /* ShoppingCartVC.swift */; };
		7855E8CE28D323E30091F5B4 /* ShoppingCart.storyboard in Resources */ = {isa = PBXBuildFile; fileRef = 7855E89728D323E30091F5B4 /* ShoppingCart.storyboard */; };
		7855E8CF28D323E30091F5B4 /* CartCell.swift in Sources */ = {isa = PBXBuildFile; fileRef = 7855E89828D323E30091F5B4 /* CartCell.swift */; };
		7855E8D028D323E30091F5B4 /* ShoppinCartInteractor.swift in Sources */ = {isa = PBXBuildFile; fileRef = 7855E89A28D323E30091F5B4 /* ShoppinCartInteractor.swift */; };
		7855E8D128D323E30091F5B4 /* ShoppingCartRouter.swift in Sources */ = {isa = PBXBuildFile; fileRef = 7855E89C28D323E30091F5B4 /* ShoppingCartRouter.swift */; };
		7855E8D228D323E30091F5B4 /* Presenter.swift in Sources */ = {isa = PBXBuildFile; fileRef = 7855E89F28D323E30091F5B4 /* Presenter.swift */; };
		7855E8D328D323E30091F5B4 /* RegisterVC.swift in Sources */ = {isa = PBXBuildFile; fileRef = 7855E8A128D323E30091F5B4 /* RegisterVC.swift */; };
		7855E8D428D323E30091F5B4 /* Register.storyboard in Resources */ = {isa = PBXBuildFile; fileRef = 7855E8A228D323E30091F5B4 /* Register.storyboard */; };
		7855E8D528D323E30091F5B4 /* Protocols.swift in Sources */ = {isa = PBXBuildFile; fileRef = 7855E8A428D323E30091F5B4 /* Protocols.swift */; };
		7855E8D628D323E30091F5B4 /* Interactor.swift in Sources */ = {isa = PBXBuildFile; fileRef = 7855E8A628D323E30091F5B4 /* Interactor.swift */; };
		7855E8D728D323E30091F5B4 /* Router.swift in Sources */ = {isa = PBXBuildFile; fileRef = 7855E8A828D323E30091F5B4 /* Router.swift */; };
		7855E8D828D323E30091F5B4 /* OrderState.storyboard in Resources */ = {isa = PBXBuildFile; fileRef = 7855E8AB28D323E30091F5B4 /* OrderState.storyboard */; };
		7855E8D928D323E30091F5B4 /* OrderStateVC.swift in Sources */ = {isa = PBXBuildFile; fileRef = 7855E8AC28D323E30091F5B4 /* OrderStateVC.swift */; };
		7855E8DA28D323E30091F5B4 /* OnboardingModel.swift in Sources */ = {isa = PBXBuildFile; fileRef = 7855E8AF28D323E30091F5B4 /* OnboardingModel.swift */; };
		7855E8DB28D323E30091F5B4 /* OnboardingCollectionViewCell.swift in Sources */ = {isa = PBXBuildFile; fileRef = 7855E8B128D323E30091F5B4 /* OnboardingCollectionViewCell.swift */; };
		7855E8E828D323FB0091F5B4 /* NetworkService.swift in Sources */ = {isa = PBXBuildFile; fileRef = 7855E8DF28D323FB0091F5B4 /* NetworkService.swift */; };
		7855E8E928D323FB0091F5B4 /* RestApiService.swift in Sources */ = {isa = PBXBuildFile; fileRef = 7855E8E128D323FB0091F5B4 /* RestApiService.swift */; };
		7855E8EA28D323FB0091F5B4 /* RestAPI.swift in Sources */ = {isa = PBXBuildFile; fileRef = 7855E8E228D323FB0091F5B4 /* RestAPI.swift */; };
		7855E8EB28D323FB0091F5B4 /* RestApiProtocol.swift in Sources */ = {isa = PBXBuildFile; fileRef = 7855E8E328D323FB0091F5B4 /* RestApiProtocol.swift */; };
		7855E8EC28D323FB0091F5B4 /* FirebaseProtocols.swift in Sources */ = {isa = PBXBuildFile; fileRef = 7855E8E528D323FB0091F5B4 /* FirebaseProtocols.swift */; };
		7855E8ED28D323FC0091F5B4 /* FirebaseService.swift in Sources */ = {isa = PBXBuildFile; fileRef = 7855E8E628D323FB0091F5B4 /* FirebaseService.swift */; };
		7855E8EE28D323FC0091F5B4 /* NetworkServiceProtocols.swift in Sources */ = {isa = PBXBuildFile; fileRef = 7855E8E728D323FB0091F5B4 /* NetworkServiceProtocols.swift */; };
		7855E8F228D324040091F5B4 /* ExtensionColors.swift in Sources */ = {isa = PBXBuildFile; fileRef = 7855E8F128D324040091F5B4 /* ExtensionColors.swift */; };
		7855E8FA28D324450091F5B4 /* SepetYemeklerResponse.swift in Sources */ = {isa = PBXBuildFile; fileRef = 7855E8F628D324450091F5B4 /* SepetYemeklerResponse.swift */; };
		7855E8FB28D324450091F5B4 /* YemeklerResponse.swift in Sources */ = {isa = PBXBuildFile; fileRef = 7855E8F728D324450091F5B4 /* YemeklerResponse.swift */; };
		7855E8FC28D324450091F5B4 /* Yemekler.swift in Sources */ = {isa = PBXBuildFile; fileRef = 7855E8F828D324450091F5B4 /* Yemekler.swift */; };
		7855E8FD28D324450091F5B4 /* SepetYemekler.swift in Sources */ = {isa = PBXBuildFile; fileRef = 7855E8F928D324450091F5B4 /* SepetYemekler.swift */; };
		7855E90028D324AB0091F5B4 /* Alamofire in Frameworks */ = {isa = PBXBuildFile; productRef = 7855E8FF28D324AB0091F5B4 /* Alamofire */; };
		7855E90328D324D30091F5B4 /* ProgressHUD in Frameworks */ = {isa = PBXBuildFile; productRef = 7855E90228D324D30091F5B4 /* ProgressHUD */; };
		7855E90628D3258D0091F5B4 /* FirebaseAuth in Frameworks */ = {isa = PBXBuildFile; productRef = 7855E90528D3258D0091F5B4 /* FirebaseAuth */; };
		7855E90928D3263A0091F5B4 /* Kingfisher in Frameworks */ = {isa = PBXBuildFile; productRef = 7855E90828D3263A0091F5B4 /* Kingfisher */; };
		7855E90B28D329570091F5B4 /* GoogleService-Info.plist in Resources */ = {isa = PBXBuildFile; fileRef = 7855E90A28D329570091F5B4 /* GoogleService-Info.plist */; };
		7855E90F28D32C400091F5B4 /* Onboarding.storyboard in Resources */ = {isa = PBXBuildFile; fileRef = 7855E90E28D32C400091F5B4 /* Onboarding.storyboard */; };
		7855E91328D32CEB0091F5B4 /* OnboardingVC.swift in Sources */ = {isa = PBXBuildFile; fileRef = 7855E91228D32CEB0091F5B4 /* OnboardingVC.swift */; };
/* End PBXBuildFile section */

/* Begin PBXFileReference section */
		7855E84B28D3234F0091F5B4 /* Fooderland.app */ = {isa = PBXFileReference; explicitFileType = wrapper.application; includeInIndex = 0; path = Fooderland.app; sourceTree = BUILT_PRODUCTS_DIR; };
		7855E84E28D3234F0091F5B4 /* AppDelegate.swift */ = {isa = PBXFileReference; lastKnownFileType = sourcecode.swift; path = AppDelegate.swift; sourceTree = "<group>"; };
		7855E85028D3234F0091F5B4 /* SceneDelegate.swift */ = {isa = PBXFileReference; lastKnownFileType = sourcecode.swift; path = SceneDelegate.swift; sourceTree = "<group>"; };
		7855E85228D3234F0091F5B4 /* ViewController.swift */ = {isa = PBXFileReference; lastKnownFileType = sourcecode.swift; path = ViewController.swift; sourceTree = "<group>"; };
		7855E85528D3234F0091F5B4 /* Base */ = {isa = PBXFileReference; lastKnownFileType = file.storyboard; name = Base; path = Base.lproj/Main.storyboard; sourceTree = "<group>"; };
		7855E85728D323510091F5B4 /* Assets.xcassets */ = {isa = PBXFileReference; lastKnownFileType = folder.assetcatalog; path = Assets.xcassets; sourceTree = "<group>"; };
		7855E85A28D323510091F5B4 /* Base */ = {isa = PBXFileReference; lastKnownFileType = file.storyboard; name = Base; path = Base.lproj/LaunchScreen.storyboard; sourceTree = "<group>"; };
		7855E85C28D323510091F5B4 /* Info.plist */ = {isa = PBXFileReference; lastKnownFileType = text.plist.xml; path = Info.plist; sourceTree = "<group>"; };
		7855E86528D323E20091F5B4 /* LoginPresenter.swift */ = {isa = PBXFileReference; fileEncoding = 4; lastKnownFileType = sourcecode.swift; path = LoginPresenter.swift; sourceTree = "<group>"; };
		7855E86728D323E20091F5B4 /* LoginVC.swift */ = {isa = PBXFileReference; fileEncoding = 4; lastKnownFileType = sourcecode.swift; path = LoginVC.swift; sourceTree = "<group>"; };
		7855E86828D323E20091F5B4 /* Login.storyboard */ = {isa = PBXFileReference; fileEncoding = 4; lastKnownFileType = file.storyboard; path = Login.storyboard; sourceTree = "<group>"; };
		7855E86A28D323E20091F5B4 /* LoginProtocols.swift */ = {isa = PBXFileReference; fileEncoding = 4; lastKnownFileType = sourcecode.swift; path = LoginProtocols.swift; sourceTree = "<group>"; };
		7855E86C28D323E20091F5B4 /* LoginInteractor.swift */ = {isa = PBXFileReference; fileEncoding = 4; lastKnownFileType = sourcecode.swift; path = LoginInteractor.swift; sourceTree = "<group>"; };
		7855E86E28D323E30091F5B4 /* LoginRouter.swift */ = {isa = PBXFileReference; fileEncoding = 4; lastKnownFileType = sourcecode.swift; path = LoginRouter.swift; sourceTree = "<group>"; };
		7855E87128D323E30091F5B4 /* MenuPresenter.swift */ = {isa = PBXFileReference; fileEncoding = 4; lastKnownFileType = sourcecode.swift; path = MenuPresenter.swift; sourceTree = "<group>"; };
		7855E87328D323E30091F5B4 /* MenuProtocols.swift */ = {isa = PBXFileReference; fileEncoding = 4; lastKnownFileType = sourcecode.swift; path = MenuProtocols.swift; sourceTree = "<group>"; };
		7855E87628D323E30091F5B4 /* Base */ = {isa = PBXFileReference; lastKnownFileType = file.storyboard; name = Base; path = Base.lproj/Menu.storyboard; sourceTree = "<group>"; };
		7855E87728D323E30091F5B4 /* MenuCollectionViewCell.swift */ = {isa = PBXFileReference; fileEncoding = 4; lastKnownFileType = sourcecode.swift; path = MenuCollectionViewCell.swift; sourceTree = "<group>"; };
		7855E87828D323E30091F5B4 /* MenuVC.swift */ = {isa = PBXFileReference; fileEncoding = 4; lastKnownFileType = sourcecode.swift; path = MenuVC.swift; sourceTree = "<group>"; };
		7855E87A28D323E30091F5B4 /* MenuInteractor.swift */ = {isa = PBXFileReference; fileEncoding = 4; lastKnownFileType = sourcecode.swift; path = MenuInteractor.swift; sourceTree = "<group>"; };
		7855E87C28D323E30091F5B4 /* MenuRouter.swift */ = {isa = PBXFileReference; fileEncoding = 4; lastKnownFileType = sourcecode.swift; path = MenuRouter.swift; sourceTree = "<group>"; };
		7855E87E28D323E30091F5B4 /* SettingsVC.swift */ = {isa = PBXFileReference; fileEncoding = 4; lastKnownFileType = sourcecode.swift; path = SettingsVC.swift; sourceTree = "<group>"; };
		7855E87F28D323E30091F5B4 /* Settings.storyboard */ = {isa = PBXFileReference; fileEncoding = 4; lastKnownFileType = file.storyboard; path = Settings.storyboard; sourceTree = "<group>"; };
		7855E88228D323E30091F5B4 /* PaymentVC.swift */ = {isa = PBXFileReference; fileEncoding = 4; lastKnownFileType = sourcecode.swift; path = PaymentVC.swift; sourceTree = "<group>"; };
		7855E88328D323E30091F5B4 /* Payment.storyboard */ = {isa = PBXFileReference; fileEncoding = 4; lastKnownFileType = file.storyboard; path = Payment.storyboard; sourceTree = "<group>"; };
		7855E88628D323E30091F5B4 /* FoodDetailsPresenter.swift */ = {isa = PBXFileReference; fileEncoding = 4; lastKnownFileType = sourcecode.swift; path = FoodDetailsPresenter.swift; sourceTree = "<group>"; };
		7855E88828D323E30091F5B4 /* FoodDetailsProtocols.swift */ = {isa = PBXFileReference; fileEncoding = 4; lastKnownFileType = sourcecode.swift; path = FoodDetailsProtocols.swift; sourceTree = "<group>"; };
		7855E88A28D323E30091F5B4 /* Detay.storyboard */ = {isa = PBXFileReference; fileEncoding = 4; lastKnownFileType = file.storyboard; path = Detay.storyboard; sourceTree = "<group>"; };
		7855E88B28D323E30091F5B4 /* FoodDetailsVC.swift */ = {isa = PBXFileReference; fileEncoding = 4; lastKnownFileType = sourcecode.swift; path = FoodDetailsVC.swift; sourceTree = "<group>"; };
		7855E88D28D323E30091F5B4 /* FoodDetailsInteractor.swift */ = {isa = PBXFileReference; fileEncoding = 4; lastKnownFileType = sourcecode.swift; path = FoodDetailsInteractor.swift; sourceTree = "<group>"; };
		7855E88F28D323E30091F5B4 /* FoodDetailsRouter.swift */ = {isa = PBXFileReference; fileEncoding = 4; lastKnownFileType = sourcecode.swift; path = FoodDetailsRouter.swift; sourceTree = "<group>"; };
		7855E89228D323E30091F5B4 /* ShoppingCartPresenter.swift */ = {isa = PBXFileReference; fileEncoding = 4; lastKnownFileType = sourcecode.swift; path = ShoppingCartPresenter.swift; sourceTree = "<group>"; };
		7855E89428D323E30091F5B4 /* ShoppingCartProtocols.swift */ = {isa = PBXFileReference; fileEncoding = 4; lastKnownFileType = sourcecode.swift; path = ShoppingCartProtocols.swift; sourceTree = "<group>"; };
		7855E89628D323E30091F5B4 /* ShoppingCartVC.swift */ = {isa = PBXFileReference; fileEncoding = 4; lastKnownFileType = sourcecode.swift; path = ShoppingCartVC.swift; sourceTree = "<group>"; };
		7855E89728D323E30091F5B4 /* ShoppingCart.storyboard */ = {isa = PBXFileReference; fileEncoding = 4; lastKnownFileType = file.storyboard; path = ShoppingCart.storyboard; sourceTree = "<group>"; };
		7855E89828D323E30091F5B4 /* CartCell.swift */ = {isa = PBXFileReference; fileEncoding = 4; lastKnownFileType = sourcecode.swift; path = CartCell.swift; sourceTree = "<group>"; };
		7855E89A28D323E30091F5B4 /* ShoppinCartInteractor.swift */ = {isa = PBXFileReference; fileEncoding = 4; lastKnownFileType = sourcecode.swift; path = ShoppinCartInteractor.swift; sourceTree = "<group>"; };
		7855E89C28D323E30091F5B4 /* ShoppingCartRouter.swift */ = {isa = PBXFileReference; fileEncoding = 4; lastKnownFileType = sourcecode.swift; path = ShoppingCartRouter.swift; sourceTree = "<group>"; };
		7855E89F28D323E30091F5B4 /* Presenter.swift */ = {isa = PBXFileReference; fileEncoding = 4; lastKnownFileType = sourcecode.swift; path = Presenter.swift; sourceTree = "<group>"; };
		7855E8A128D323E30091F5B4 /* RegisterVC.swift */ = {isa = PBXFileReference; fileEncoding = 4; lastKnownFileType = sourcecode.swift; path = RegisterVC.swift; sourceTree = "<group>"; };
		7855E8A228D323E30091F5B4 /* Register.storyboard */ = {isa = PBXFileReference; fileEncoding = 4; lastKnownFileType = file.storyboard; path = Register.storyboard; sourceTree = "<group>"; };
		7855E8A428D323E30091F5B4 /* Protocols.swift */ = {isa = PBXFileReference; fileEncoding = 4; lastKnownFileType = sourcecode.swift; path = Protocols.swift; sourceTree = "<group>"; };
		7855E8A628D323E30091F5B4 /* Interactor.swift */ = {isa = PBXFileReference; fileEncoding = 4; lastKnownFileType = sourcecode.swift; path = Interactor.swift; sourceTree = "<group>"; };
		7855E8A828D323E30091F5B4 /* Router.swift */ = {isa = PBXFileReference; fileEncoding = 4; lastKnownFileType = sourcecode.swift; path = Router.swift; sourceTree = "<group>"; };
		7855E8AB28D323E30091F5B4 /* OrderState.storyboard */ = {isa = PBXFileReference; fileEncoding = 4; lastKnownFileType = file.storyboard; path = OrderState.storyboard; sourceTree = "<group>"; };
		7855E8AC28D323E30091F5B4 /* OrderStateVC.swift */ = {isa = PBXFileReference; fileEncoding = 4; lastKnownFileType = sourcecode.swift; path = OrderStateVC.swift; sourceTree = "<group>"; };
		7855E8AF28D323E30091F5B4 /* OnboardingModel.swift */ = {isa = PBXFileReference; fileEncoding = 4; lastKnownFileType = sourcecode.swift; path = OnboardingModel.swift; sourceTree = "<group>"; };
		7855E8B128D323E30091F5B4 /* OnboardingCollectionViewCell.swift */ = {isa = PBXFileReference; fileEncoding = 4; lastKnownFileType = sourcecode.swift; path = OnboardingCollectionViewCell.swift; sourceTree = "<group>"; };
		7855E8DF28D323FB0091F5B4 /* NetworkService.swift */ = {isa = PBXFileReference; fileEncoding = 4; lastKnownFileType = sourcecode.swift; path = NetworkService.swift; sourceTree = "<group>"; };
		7855E8E128D323FB0091F5B4 /* RestApiService.swift */ = {isa = PBXFileReference; fileEncoding = 4; lastKnownFileType = sourcecode.swift; path = RestApiService.swift; sourceTree = "<group>"; };
		7855E8E228D323FB0091F5B4 /* RestAPI.swift */ = {isa = PBXFileReference; fileEncoding = 4; lastKnownFileType = sourcecode.swift; path = RestAPI.swift; sourceTree = "<group>"; };
		7855E8E328D323FB0091F5B4 /* RestApiProtocol.swift */ = {isa = PBXFileReference; fileEncoding = 4; lastKnownFileType = sourcecode.swift; path = RestApiProtocol.swift; sourceTree = "<group>"; };
		7855E8E528D323FB0091F5B4 /* FirebaseProtocols.swift */ = {isa = PBXFileReference; fileEncoding = 4; lastKnownFileType = sourcecode.swift; path = FirebaseProtocols.swift; sourceTree = "<group>"; };
		7855E8E628D323FB0091F5B4 /* FirebaseService.swift */ = {isa = PBXFileReference; fileEncoding = 4; lastKnownFileType = sourcecode.swift; path = FirebaseService.swift; sourceTree = "<group>"; };
		7855E8E728D323FB0091F5B4 /* NetworkServiceProtocols.swift */ = {isa = PBXFileReference; fileEncoding = 4; lastKnownFileType = sourcecode.swift; path = NetworkServiceProtocols.swift; sourceTree = "<group>"; };
		7855E8F128D324040091F5B4 /* ExtensionColors.swift */ = {isa = PBXFileReference; fileEncoding = 4; lastKnownFileType = sourcecode.swift; path = ExtensionColors.swift; sourceTree = "<group>"; };
		7855E8F628D324450091F5B4 /* SepetYemeklerResponse.swift */ = {isa = PBXFileReference; fileEncoding = 4; lastKnownFileType = sourcecode.swift; path = SepetYemeklerResponse.swift; sourceTree = "<group>"; };
		7855E8F728D324450091F5B4 /* YemeklerResponse.swift */ = {isa = PBXFileReference; fileEncoding = 4; lastKnownFileType = sourcecode.swift; path = YemeklerResponse.swift; sourceTree = "<group>"; };
		7855E8F828D324450091F5B4 /* Yemekler.swift */ = {isa = PBXFileReference; fileEncoding = 4; lastKnownFileType = sourcecode.swift; path = Yemekler.swift; sourceTree = "<group>"; };
		7855E8F928D324450091F5B4 /* SepetYemekler.swift */ = {isa = PBXFileReference; fileEncoding = 4; lastKnownFileType = sourcecode.swift; path = SepetYemekler.swift; sourceTree = "<group>"; };
		7855E90A28D329570091F5B4 /* GoogleService-Info.plist */ = {isa = PBXFileReference; fileEncoding = 4; lastKnownFileType = text.plist.xml; path = "GoogleService-Info.plist"; sourceTree = "<group>"; };
		7855E90E28D32C400091F5B4 /* Onboarding.storyboard */ = {isa = PBXFileReference; lastKnownFileType = file.storyboard; path = Onboarding.storyboard; sourceTree = "<group>"; };
		7855E91228D32CEB0091F5B4 /* OnboardingVC.swift */ = {isa = PBXFileReference; lastKnownFileType = sourcecode.swift; path = OnboardingVC.swift; sourceTree = "<group>"; };
/* End PBXFileReference section */

/* Begin PBXFrameworksBuildPhase section */
		7855E84828D3234F0091F5B4 /* Frameworks */ = {
			isa = PBXFrameworksBuildPhase;
			buildActionMask = 2147483647;
			files = (
				7855E90928D3263A0091F5B4 /* Kingfisher in Frameworks */,
				7855E90028D324AB0091F5B4 /* Alamofire in Frameworks */,
				7855E90628D3258D0091F5B4 /* FirebaseAuth in Frameworks */,
				7855E90328D324D30091F5B4 /* ProgressHUD in Frameworks */,
			);
			runOnlyForDeploymentPostprocessing = 0;
		};
/* End PBXFrameworksBuildPhase section */

/* Begin PBXGroup section */
		7855E84228D3234F0091F5B4 = {
			isa = PBXGroup;
			children = (
				7855E84D28D3234F0091F5B4 /* Fooderland */,
				7855E84C28D3234F0091F5B4 /* Products */,
			);
			sourceTree = "<group>";
		};
		7855E84C28D3234F0091F5B4 /* Products */ = {
			isa = PBXGroup;
			children = (
				7855E84B28D3234F0091F5B4 /* Fooderland.app */,
			);
			name = Products;
			sourceTree = "<group>";
		};
		7855E84D28D3234F0091F5B4 /* Fooderland */ = {
			isa = PBXGroup;
			children = (
				7855E8F528D324450091F5B4 /* Entity */,
				7855E8DE28D323FB0091F5B4 /* NetworkServices */,
				7855E8EF28D324040091F5B4 /* Helpers */,
				7855E86228D323E20091F5B4 /* Modules */,
				7855E84E28D3234F0091F5B4 /* AppDelegate.swift */,
				7855E85028D3234F0091F5B4 /* SceneDelegate.swift */,
				7855E85228D3234F0091F5B4 /* ViewController.swift */,
				7855E85428D3234F0091F5B4 /* Main.storyboard */,
				7855E85728D323510091F5B4 /* Assets.xcassets */,
				7855E85928D323510091F5B4 /* LaunchScreen.storyboard */,
				7855E85C28D323510091F5B4 /* Info.plist */,
				7855E90A28D329570091F5B4 /* GoogleService-Info.plist */,
			);
			path = Fooderland;
			sourceTree = "<group>";
		};
		7855E86228D323E20091F5B4 /* Modules */ = {
			isa = PBXGroup;
			children = (
				7855E8AD28D323E30091F5B4 /* onboarding-module */,
				7855E89D28D323E30091F5B4 /* register-module */,
				7855E86328D323E20091F5B4 /* login-module */,
				7855E86F28D323E30091F5B4 /* menu-module */,
				7855E87D28D323E30091F5B4 /* settings-module */,
				7855E88028D323E30091F5B4 /* payment-module */,
				7855E88428D323E30091F5B4 /* foodDetails-module */,
				7855E89028D323E30091F5B4 /* shoppingCart-module */,
				7855E8A928D323E30091F5B4 /* orderState-module */,
			);
			path = Modules;
			sourceTree = "<group>";
		};
		7855E86328D323E20091F5B4 /* login-module */ = {
			isa = PBXGroup;
			children = (
				7855E86428D323E20091F5B4 /* presenter */,
				7855E86628D323E20091F5B4 /* view */,
				7855E86928D323E20091F5B4 /* protocols */,
				7855E86B28D323E20091F5B4 /* interactor */,
				7855E86D28D323E30091F5B4 /* router */,
			);
			path = "login-module";
			sourceTree = "<group>";
		};
		7855E86428D323E20091F5B4 /* presenter */ = {
			isa = PBXGroup;
			children = (
				7855E86528D323E20091F5B4 /* LoginPresenter.swift */,
			);
			path = presenter;
			sourceTree = "<group>";
		};
		7855E86628D323E20091F5B4 /* view */ = {
			isa = PBXGroup;
			children = (
				7855E86728D323E20091F5B4 /* LoginVC.swift */,
				7855E86828D323E20091F5B4 /* Login.storyboard */,
			);
			path = view;
			sourceTree = "<group>";
		};
		7855E86928D323E20091F5B4 /* protocols */ = {
			isa = PBXGroup;
			children = (
				7855E86A28D323E20091F5B4 /* LoginProtocols.swift */,
			);
			path = protocols;
			sourceTree = "<group>";
		};
		7855E86B28D323E20091F5B4 /* interactor */ = {
			isa = PBXGroup;
			children = (
				7855E86C28D323E20091F5B4 /* LoginInteractor.swift */,
			);
			path = interactor;
			sourceTree = "<group>";
		};
		7855E86D28D323E30091F5B4 /* router */ = {
			isa = PBXGroup;
			children = (
				7855E86E28D323E30091F5B4 /* LoginRouter.swift */,
			);
			path = router;
			sourceTree = "<group>";
		};
		7855E86F28D323E30091F5B4 /* menu-module */ = {
			isa = PBXGroup;
			children = (
				7855E87028D323E30091F5B4 /* presenter */,
				7855E87228D323E30091F5B4 /* protocol */,
				7855E87428D323E30091F5B4 /* view */,
				7855E87928D323E30091F5B4 /* interactor */,
				7855E87B28D323E30091F5B4 /* router */,
			);
			path = "menu-module";
			sourceTree = "<group>";
		};
		7855E87028D323E30091F5B4 /* presenter */ = {
			isa = PBXGroup;
			children = (
				7855E87128D323E30091F5B4 /* MenuPresenter.swift */,
			);
			path = presenter;
			sourceTree = "<group>";
		};
		7855E87228D323E30091F5B4 /* protocol */ = {
			isa = PBXGroup;
			children = (
				7855E87328D323E30091F5B4 /* MenuProtocols.swift */,
			);
			path = protocol;
			sourceTree = "<group>";
		};
		7855E87428D323E30091F5B4 /* view */ = {
			isa = PBXGroup;
			children = (
				7855E87528D323E30091F5B4 /* Menu.storyboard */,
				7855E87728D323E30091F5B4 /* MenuCollectionViewCell.swift */,
				7855E87828D323E30091F5B4 /* MenuVC.swift */,
			);
			path = view;
			sourceTree = "<group>";
		};
		7855E87928D323E30091F5B4 /* interactor */ = {
			isa = PBXGroup;
			children = (
				7855E87A28D323E30091F5B4 /* MenuInteractor.swift */,
			);
			path = interactor;
			sourceTree = "<group>";
		};
		7855E87B28D323E30091F5B4 /* router */ = {
			isa = PBXGroup;
			children = (
				7855E87C28D323E30091F5B4 /* MenuRouter.swift */,
			);
			path = router;
			sourceTree = "<group>";
		};
		7855E87D28D323E30091F5B4 /* settings-module */ = {
			isa = PBXGroup;
			children = (
				7855E87E28D323E30091F5B4 /* SettingsVC.swift */,
				7855E87F28D323E30091F5B4 /* Settings.storyboard */,
			);
			path = "settings-module";
			sourceTree = "<group>";
		};
		7855E88028D323E30091F5B4 /* payment-module */ = {
			isa = PBXGroup;
			children = (
				7855E88128D323E30091F5B4 /* view */,
			);
			path = "payment-module";
			sourceTree = "<group>";
		};
		7855E88128D323E30091F5B4 /* view */ = {
			isa = PBXGroup;
			children = (
				7855E88228D323E30091F5B4 /* PaymentVC.swift */,
				7855E88328D323E30091F5B4 /* Payment.storyboard */,
			);
			path = view;
			sourceTree = "<group>";
		};
		7855E88428D323E30091F5B4 /* foodDetails-module */ = {
			isa = PBXGroup;
			children = (
				7855E88528D323E30091F5B4 /* presenter */,
				7855E88728D323E30091F5B4 /* protocol */,
				7855E88928D323E30091F5B4 /* view */,
				7855E88C28D323E30091F5B4 /* interactor */,
				7855E88E28D323E30091F5B4 /* router */,
			);
			path = "foodDetails-module";
			sourceTree = "<group>";
		};
		7855E88528D323E30091F5B4 /* presenter */ = {
			isa = PBXGroup;
			children = (
				7855E88628D323E30091F5B4 /* FoodDetailsPresenter.swift */,
			);
			path = presenter;
			sourceTree = "<group>";
		};
		7855E88728D323E30091F5B4 /* protocol */ = {
			isa = PBXGroup;
			children = (
				7855E88828D323E30091F5B4 /* FoodDetailsProtocols.swift */,
			);
			path = protocol;
			sourceTree = "<group>";
		};
		7855E88928D323E30091F5B4 /* view */ = {
			isa = PBXGroup;
			children = (
				7855E88A28D323E30091F5B4 /* Detay.storyboard */,
				7855E88B28D323E30091F5B4 /* FoodDetailsVC.swift */,
			);
			path = view;
			sourceTree = "<group>";
		};
		7855E88C28D323E30091F5B4 /* interactor */ = {
			isa = PBXGroup;
			children = (
				7855E88D28D323E30091F5B4 /* FoodDetailsInteractor.swift */,
			);
			path = interactor;
			sourceTree = "<group>";
		};
		7855E88E28D323E30091F5B4 /* router */ = {
			isa = PBXGroup;
			children = (
				7855E88F28D323E30091F5B4 /* FoodDetailsRouter.swift */,
			);
			path = router;
			sourceTree = "<group>";
		};
		7855E89028D323E30091F5B4 /* shoppingCart-module */ = {
			isa = PBXGroup;
			children = (
				7855E89128D323E30091F5B4 /* presenter */,
				7855E89328D323E30091F5B4 /* protocol */,
				7855E89528D323E30091F5B4 /* view */,
				7855E89928D323E30091F5B4 /* interactor */,
				7855E89B28D323E30091F5B4 /* router */,
			);
			path = "shoppingCart-module";
			sourceTree = "<group>";
		};
		7855E89128D323E30091F5B4 /* presenter */ = {
			isa = PBXGroup;
			children = (
				7855E89228D323E30091F5B4 /* ShoppingCartPresenter.swift */,
			);
			path = presenter;
			sourceTree = "<group>";
		};
		7855E89328D323E30091F5B4 /* protocol */ = {
			isa = PBXGroup;
			children = (
				7855E89428D323E30091F5B4 /* ShoppingCartProtocols.swift */,
			);
			path = protocol;
			sourceTree = "<group>";
		};
		7855E89528D323E30091F5B4 /* view */ = {
			isa = PBXGroup;
			children = (
				7855E89628D323E30091F5B4 /* ShoppingCartVC.swift */,
				7855E89728D323E30091F5B4 /* ShoppingCart.storyboard */,
				7855E89828D323E30091F5B4 /* CartCell.swift */,
			);
			path = view;
			sourceTree = "<group>";
		};
		7855E89928D323E30091F5B4 /* interactor */ = {
			isa = PBXGroup;
			children = (
				7855E89A28D323E30091F5B4 /* ShoppinCartInteractor.swift */,
			);
			path = interactor;
			sourceTree = "<group>";
		};
		7855E89B28D323E30091F5B4 /* router */ = {
			isa = PBXGroup;
			children = (
				7855E89C28D323E30091F5B4 /* ShoppingCartRouter.swift */,
			);
			path = router;
			sourceTree = "<group>";
		};
		7855E89D28D323E30091F5B4 /* register-module */ = {
			isa = PBXGroup;
			children = (
				7855E89E28D323E30091F5B4 /* presenter */,
				7855E8A028D323E30091F5B4 /* view */,
				7855E8A328D323E30091F5B4 /* protocols */,
				7855E8A528D323E30091F5B4 /* interactor */,
				7855E8A728D323E30091F5B4 /* router */,
			);
			path = "register-module";
			sourceTree = "<group>";
		};
		7855E89E28D323E30091F5B4 /* presenter */ = {
			isa = PBXGroup;
			children = (
				7855E89F28D323E30091F5B4 /* Presenter.swift */,
			);
			path = presenter;
			sourceTree = "<group>";
		};
		7855E8A028D323E30091F5B4 /* view */ = {
			isa = PBXGroup;
			children = (
				7855E8A128D323E30091F5B4 /* RegisterVC.swift */,
				7855E8A228D323E30091F5B4 /* Register.storyboard */,
			);
			path = view;
			sourceTree = "<group>";
		};
		7855E8A328D323E30091F5B4 /* protocols */ = {
			isa = PBXGroup;
			children = (
				7855E8A428D323E30091F5B4 /* Protocols.swift */,
			);
			path = protocols;
			sourceTree = "<group>";
		};
		7855E8A528D323E30091F5B4 /* interactor */ = {
			isa = PBXGroup;
			children = (
				7855E8A628D323E30091F5B4 /* Interactor.swift */,
			);
			path = interactor;
			sourceTree = "<group>";
		};
		7855E8A728D323E30091F5B4 /* router */ = {
			isa = PBXGroup;
			children = (
				7855E8A828D323E30091F5B4 /* Router.swift */,
			);
			path = router;
			sourceTree = "<group>";
		};
		7855E8A928D323E30091F5B4 /* orderState-module */ = {
			isa = PBXGroup;
			children = (
				7855E8AA28D323E30091F5B4 /* view */,
			);
			path = "orderState-module";
			sourceTree = "<group>";
		};
		7855E8AA28D323E30091F5B4 /* view */ = {
			isa = PBXGroup;
			children = (
				7855E8AB28D323E30091F5B4 /* OrderState.storyboard */,
				7855E8AC28D323E30091F5B4 /* OrderStateVC.swift */,
			);
			path = view;
			sourceTree = "<group>";
		};
		7855E8AD28D323E30091F5B4 /* onboarding-module */ = {
			isa = PBXGroup;
			children = (
				7855E8AE28D323E30091F5B4 /* entity */,
				7855E8B028D323E30091F5B4 /* view */,
			);
			path = "onboarding-module";
			sourceTree = "<group>";
		};
		7855E8AE28D323E30091F5B4 /* entity */ = {
			isa = PBXGroup;
			children = (
				7855E8AF28D323E30091F5B4 /* OnboardingModel.swift */,
			);
			path = entity;
			sourceTree = "<group>";
		};
		7855E8B028D323E30091F5B4 /* view */ = {
			isa = PBXGroup;
			children = (
				7855E8B128D323E30091F5B4 /* OnboardingCollectionViewCell.swift */,
				7855E90E28D32C400091F5B4 /* Onboarding.storyboard */,
				7855E91228D32CEB0091F5B4 /* OnboardingVC.swift */,
			);
			path = view;
			sourceTree = "<group>";
		};
		7855E8DE28D323FB0091F5B4 /* NetworkServices */ = {
			isa = PBXGroup;
			children = (
				7855E8E028D323FB0091F5B4 /* RestAPI */,
				7855E8E428D323FB0091F5B4 /* Firebase */,
				7855E8DF28D323FB0091F5B4 /* NetworkService.swift */,
				7855E8E728D323FB0091F5B4 /* NetworkServiceProtocols.swift */,
			);
			path = NetworkServices;
			sourceTree = "<group>";
		};
		7855E8E028D323FB0091F5B4 /* RestAPI */ = {
			isa = PBXGroup;
			children = (
				7855E8E128D323FB0091F5B4 /* RestApiService.swift */,
				7855E8E228D323FB0091F5B4 /* RestAPI.swift */,
				7855E8E328D323FB0091F5B4 /* RestApiProtocol.swift */,
			);
			path = RestAPI;
			sourceTree = "<group>";
		};
		7855E8E428D323FB0091F5B4 /* Firebase */ = {
			isa = PBXGroup;
			children = (
				7855E8E528D323FB0091F5B4 /* FirebaseProtocols.swift */,
				7855E8E628D323FB0091F5B4 /* FirebaseService.swift */,
			);
			path = Firebase;
			sourceTree = "<group>";
		};
		7855E8EF28D324040091F5B4 /* Helpers */ = {
			isa = PBXGroup;
			children = (
				7855E8F028D324040091F5B4 /* Colors */,
			);
			path = Helpers;
			sourceTree = "<group>";
		};
		7855E8F028D324040091F5B4 /* Colors */ = {
			isa = PBXGroup;
			children = (
				7855E8F128D324040091F5B4 /* ExtensionColors.swift */,
			);
			path = Colors;
			sourceTree = "<group>";
		};
		7855E8F528D324450091F5B4 /* Entity */ = {
			isa = PBXGroup;
			children = (
				7855E8F628D324450091F5B4 /* SepetYemeklerResponse.swift */,
				7855E8F728D324450091F5B4 /* YemeklerResponse.swift */,
				7855E8F828D324450091F5B4 /* Yemekler.swift */,
				7855E8F928D324450091F5B4 /* SepetYemekler.swift */,
			);
			path = Entity;
			sourceTree = "<group>";
		};
/* End PBXGroup section */

/* Begin PBXNativeTarget section */
		7855E84A28D3234F0091F5B4 /* Fooderland */ = {
			isa = PBXNativeTarget;
			buildConfigurationList = 7855E85F28D323510091F5B4 /* Build configuration list for PBXNativeTarget "Fooderland" */;
			buildPhases = (
				7855E84728D3234F0091F5B4 /* Sources */,
				7855E84828D3234F0091F5B4 /* Frameworks */,
				7855E84928D3234F0091F5B4 /* Resources */,
			);
			buildRules = (
			);
			dependencies = (
			);
			name = Fooderland;
			packageProductDependencies = (
				7855E8FF28D324AB0091F5B4 /* Alamofire */,
				7855E90228D324D30091F5B4 /* ProgressHUD */,
				7855E90528D3258D0091F5B4 /* FirebaseAuth */,
				7855E90828D3263A0091F5B4 /* Kingfisher */,
			);
			productName = Fooderland;
			productReference = 7855E84B28D3234F0091F5B4 /* Fooderland.app */;
			productType = "com.apple.product-type.application";
		};
/* End PBXNativeTarget section */

/* Begin PBXProject section */
		7855E84328D3234F0091F5B4 /* Project object */ = {
			isa = PBXProject;
			attributes = {
				BuildIndependentTargetsInParallel = 1;
				LastSwiftUpdateCheck = 1340;
				LastUpgradeCheck = 1340;
				TargetAttributes = {
					7855E84A28D3234F0091F5B4 = {
						CreatedOnToolsVersion = 13.4.1;
					};
				};
			};
			buildConfigurationList = 7855E84628D3234F0091F5B4 /* Build configuration list for PBXProject "Fooderland" */;
			compatibilityVersion = "Xcode 13.0";
			developmentRegion = en;
			hasScannedForEncodings = 0;
			knownRegions = (
				en,
				Base,
			);
			mainGroup = 7855E84228D3234F0091F5B4;
			packageReferences = (
				7855E8FE28D324AB0091F5B4 /* XCRemoteSwiftPackageReference "Alamofire" */,
				7855E90128D324D30091F5B4 /* XCRemoteSwiftPackageReference "ProgressHUD" */,
				7855E90428D3258D0091F5B4 /* XCRemoteSwiftPackageReference "firebase-ios-sdk" */,
				7855E90728D326390091F5B4 /* XCRemoteSwiftPackageReference "Kingfisher" */,
			);
			productRefGroup = 7855E84C28D3234F0091F5B4 /* Products */;
			projectDirPath = "";
			projectRoot = "";
			targets = (
				7855E84A28D3234F0091F5B4 /* Fooderland */,
			);
		};
/* End PBXProject section */

/* Begin PBXResourcesBuildPhase section */
		7855E84928D3234F0091F5B4 /* Resources */ = {
			isa = PBXResourcesBuildPhase;
			buildActionMask = 2147483647;
			files = (
				7855E90B28D329570091F5B4 /* GoogleService-Info.plist in Resources */,
				7855E8BC28D323E30091F5B4 /* Menu.storyboard in Resources */,
				7855E8C428D323E30091F5B4 /* Payment.storyboard in Resources */,
				7855E90F28D32C400091F5B4 /* Onboarding.storyboard in Resources */,
				7855E8B628D323E30091F5B4 /* Login.storyboard in Resources */,
				7855E8D828D323E30091F5B4 /* OrderState.storyboard in Resources */,
				7855E85B28D323510091F5B4 /* LaunchScreen.storyboard in Resources */,
				7855E8CE28D323E30091F5B4 /* ShoppingCart.storyboard in Resources */,
				7855E8C228D323E30091F5B4 /* Settings.storyboard in Resources */,
				7855E85828D323510091F5B4 /* Assets.xcassets in Resources */,
				7855E8C728D323E30091F5B4 /* Detay.storyboard in Resources */,
				7855E85628D3234F0091F5B4 /* Main.storyboard in Resources */,
				7855E8D428D323E30091F5B4 /* Register.storyboard in Resources */,
			);
			runOnlyForDeploymentPostprocessing = 0;
		};
/* End PBXResourcesBuildPhase section */

/* Begin PBXSourcesBuildPhase section */
		7855E84728D3234F0091F5B4 /* Sources */ = {
			isa = PBXSourcesBuildPhase;
			buildActionMask = 2147483647;
			files = (
				7855E8B428D323E30091F5B4 /* LoginPresenter.swift in Sources */,
				7855E8EB28D323FB0091F5B4 /* RestApiProtocol.swift in Sources */,
				7855E8C328D323E30091F5B4 /* PaymentVC.swift in Sources */,
				7855E8ED28D323FC0091F5B4 /* FirebaseService.swift in Sources */,
				7855E8FC28D324450091F5B4 /* Yemekler.swift in Sources */,
				7855E8FA28D324450091F5B4 /* SepetYemeklerResponse.swift in Sources */,
				7855E8D928D323E30091F5B4 /* OrderStateVC.swift in Sources */,
				7855E8C028D323E30091F5B4 /* MenuRouter.swift in Sources */,
				7855E8FB28D324450091F5B4 /* YemeklerResponse.swift in Sources */,
				7855E85328D3234F0091F5B4 /* ViewController.swift in Sources */,
				7855E8BF28D323E30091F5B4 /* MenuInteractor.swift in Sources */,
				7855E8B828D323E30091F5B4 /* LoginInteractor.swift in Sources */,
				7855E8CF28D323E30091F5B4 /* CartCell.swift in Sources */,
				7855E84F28D3234F0091F5B4 /* AppDelegate.swift in Sources */,
				7855E8D728D323E30091F5B4 /* Router.swift in Sources */,
				7855E8C528D323E30091F5B4 /* FoodDetailsPresenter.swift in Sources */,
				7855E8B728D323E30091F5B4 /* LoginProtocols.swift in Sources */,
				7855E8E828D323FB0091F5B4 /* NetworkService.swift in Sources */,
				7855E8DB28D323E30091F5B4 /* OnboardingCollectionViewCell.swift in Sources */,
				7855E8CA28D323E30091F5B4 /* FoodDetailsRouter.swift in Sources */,
				7855E8CB28D323E30091F5B4 /* ShoppingCartPresenter.swift in Sources */,
				7855E8BE28D323E30091F5B4 /* MenuVC.swift in Sources */,
				7855E85128D3234F0091F5B4 /* SceneDelegate.swift in Sources */,
				7855E8BB28D323E30091F5B4 /* MenuProtocols.swift in Sources */,
				7855E8D528D323E30091F5B4 /* Protocols.swift in Sources */,
				7855E91328D32CEB0091F5B4 /* OnboardingVC.swift in Sources */,
				7855E8BD28D323E30091F5B4 /* MenuCollectionViewCell.swift in Sources */,
				7855E8E928D323FB0091F5B4 /* RestApiService.swift in Sources */,
				7855E8C828D323E30091F5B4 /* FoodDetailsVC.swift in Sources */,
				7855E8FD28D324450091F5B4 /* SepetYemekler.swift in Sources */,
				7855E8B928D323E30091F5B4 /* LoginRouter.swift in Sources */,
				7855E8C628D323E30091F5B4 /* FoodDetailsProtocols.swift in Sources */,
				7855E8D128D323E30091F5B4 /* ShoppingCartRouter.swift in Sources */,
				7855E8CD28D323E30091F5B4 /* ShoppingCartVC.swift in Sources */,
				7855E8D028D323E30091F5B4 /* ShoppinCartInteractor.swift in Sources */,
				7855E8D228D323E30091F5B4 /* Presenter.swift in Sources */,
				7855E8B528D323E30091F5B4 /* LoginVC.swift in Sources */,
				7855E8CC28D323E30091F5B4 /* ShoppingCartProtocols.swift in Sources */,
				7855E8BA28D323E30091F5B4 /* MenuPresenter.swift in Sources */,
				7855E8EE28D323FC0091F5B4 /* NetworkServiceProtocols.swift in Sources */,
				7855E8EC28D323FB0091F5B4 /* FirebaseProtocols.swift in Sources */,
				7855E8D328D323E30091F5B4 /* RegisterVC.swift in Sources */,
				7855E8D628D323E30091F5B4 /* Interactor.swift in Sources */,
				7855E8F228D324040091F5B4 /* ExtensionColors.swift in Sources */,
				7855E8C128D323E30091F5B4 /* SettingsVC.swift in Sources */,
				7855E8EA28D323FB0091F5B4 /* RestAPI.swift in Sources */,
				7855E8DA28D323E30091F5B4 /* OnboardingModel.swift in Sources */,
				7855E8C928D323E30091F5B4 /* FoodDetailsInteractor.swift in Sources */,
			);
			runOnlyForDeploymentPostprocessing = 0;
		};
/* End PBXSourcesBuildPhase section */

/* Begin PBXVariantGroup section */
		7855E85428D3234F0091F5B4 /* Main.storyboard */ = {
			isa = PBXVariantGroup;
			children = (
				7855E85528D3234F0091F5B4 /* Base */,
			);
			name = Main.storyboard;
			sourceTree = "<group>";
		};
		7855E85928D323510091F5B4 /* LaunchScreen.storyboard */ = {
			isa = PBXVariantGroup;
			children = (
				7855E85A28D323510091F5B4 /* Base */,
			);
			name = LaunchScreen.storyboard;
			sourceTree = "<group>";
		};
		7855E87528D323E30091F5B4 /* Menu.storyboard */ = {
			isa = PBXVariantGroup;
			children = (
				7855E87628D323E30091F5B4 /* Base */,
			);
			name = Menu.storyboard;
			sourceTree = "<group>";
		};
/* End PBXVariantGroup section */

/* Begin XCBuildConfiguration section */
		7855E85D28D323510091F5B4 /* Debug */ = {
			isa = XCBuildConfiguration;
			buildSettings = {
				ALWAYS_SEARCH_USER_PATHS = NO;
				CLANG_ANALYZER_NONNULL = YES;
				CLANG_ANALYZER_NUMBER_OBJECT_CONVERSION = YES_AGGRESSIVE;
				CLANG_CXX_LANGUAGE_STANDARD = "gnu++17";
				CLANG_ENABLE_MODULES = YES;
				CLANG_ENABLE_OBJC_ARC = YES;
				CLANG_ENABLE_OBJC_WEAK = YES;
				CLANG_WARN_BLOCK_CAPTURE_AUTORELEASING = YES;
				CLANG_WARN_BOOL_CONVERSION = YES;
				CLANG_WARN_COMMA = YES;
				CLANG_WARN_CONSTANT_CONVERSION = YES;
				CLANG_WARN_DEPRECATED_OBJC_IMPLEMENTATIONS = YES;
				CLANG_WARN_DIRECT_OBJC_ISA_USAGE = YES_ERROR;
				CLANG_WARN_DOCUMENTATION_COMMENTS = YES;
				CLANG_WARN_EMPTY_BODY = YES;
				CLANG_WARN_ENUM_CONVERSION = YES;
				CLANG_WARN_INFINITE_RECURSION = YES;
				CLANG_WARN_INT_CONVERSION = YES;
				CLANG_WARN_NON_LITERAL_NULL_CONVERSION = YES;
				CLANG_WARN_OBJC_IMPLICIT_RETAIN_SELF = YES;
				CLANG_WARN_OBJC_LITERAL_CONVERSION = YES;
				CLANG_WARN_OBJC_ROOT_CLASS = YES_ERROR;
				CLANG_WARN_QUOTED_INCLUDE_IN_FRAMEWORK_HEADER = YES;
				CLANG_WARN_RANGE_LOOP_ANALYSIS = YES;
				CLANG_WARN_STRICT_PROTOTYPES = YES;
				CLANG_WARN_SUSPICIOUS_MOVE = YES;
				CLANG_WARN_UNGUARDED_AVAILABILITY = YES_AGGRESSIVE;
				CLANG_WARN_UNREACHABLE_CODE = YES;
				CLANG_WARN__DUPLICATE_METHOD_MATCH = YES;
				COPY_PHASE_STRIP = NO;
				DEBUG_INFORMATION_FORMAT = dwarf;
				ENABLE_STRICT_OBJC_MSGSEND = YES;
				ENABLE_TESTABILITY = YES;
				GCC_C_LANGUAGE_STANDARD = gnu11;
				GCC_DYNAMIC_NO_PIC = NO;
				GCC_NO_COMMON_BLOCKS = YES;
				GCC_OPTIMIZATION_LEVEL = 0;
				GCC_PREPROCESSOR_DEFINITIONS = (
					"DEBUG=1",
					"$(inherited)",
				);
				GCC_WARN_64_TO_32_BIT_CONVERSION = YES;
				GCC_WARN_ABOUT_RETURN_TYPE = YES_ERROR;
				GCC_WARN_UNDECLARED_SELECTOR = YES;
				GCC_WARN_UNINITIALIZED_AUTOS = YES_AGGRESSIVE;
				GCC_WARN_UNUSED_FUNCTION = YES;
				GCC_WARN_UNUSED_VARIABLE = YES;
				INFOPLIST_KEY_UIMainStoryboardFile = "";
				IPHONEOS_DEPLOYMENT_TARGET = 15.5;
				MTL_ENABLE_DEBUG_INFO = INCLUDE_SOURCE;
				MTL_FAST_MATH = YES;
				ONLY_ACTIVE_ARCH = YES;
				SDKROOT = iphoneos;
				SWIFT_ACTIVE_COMPILATION_CONDITIONS = DEBUG;
				SWIFT_OPTIMIZATION_LEVEL = "-Onone";
			};
			name = Debug;
		};
		7855E85E28D323510091F5B4 /* Release */ = {
			isa = XCBuildConfiguration;
			buildSettings = {
				ALWAYS_SEARCH_USER_PATHS = NO;
				CLANG_ANALYZER_NONNULL = YES;
				CLANG_ANALYZER_NUMBER_OBJECT_CONVERSION = YES_AGGRESSIVE;
				CLANG_CXX_LANGUAGE_STANDARD = "gnu++17";
				CLANG_ENABLE_MODULES = YES;
				CLANG_ENABLE_OBJC_ARC = YES;
				CLANG_ENABLE_OBJC_WEAK = YES;
				CLANG_WARN_BLOCK_CAPTURE_AUTORELEASING = YES;
				CLANG_WARN_BOOL_CONVERSION = YES;
				CLANG_WARN_COMMA = YES;
				CLANG_WARN_CONSTANT_CONVERSION = YES;
				CLANG_WARN_DEPRECATED_OBJC_IMPLEMENTATIONS = YES;
				CLANG_WARN_DIRECT_OBJC_ISA_USAGE = YES_ERROR;
				CLANG_WARN_DOCUMENTATION_COMMENTS = YES;
				CLANG_WARN_EMPTY_BODY = YES;
				CLANG_WARN_ENUM_CONVERSION = YES;
				CLANG_WARN_INFINITE_RECURSION = YES;
				CLANG_WARN_INT_CONVERSION = YES;
				CLANG_WARN_NON_LITERAL_NULL_CONVERSION = YES;
				CLANG_WARN_OBJC_IMPLICIT_RETAIN_SELF = YES;
				CLANG_WARN_OBJC_LITERAL_CONVERSION = YES;
				CLANG_WARN_OBJC_ROOT_CLASS = YES_ERROR;
				CLANG_WARN_QUOTED_INCLUDE_IN_FRAMEWORK_HEADER = YES;
				CLANG_WARN_RANGE_LOOP_ANALYSIS = YES;
				CLANG_WARN_STRICT_PROTOTYPES = YES;
				CLANG_WARN_SUSPICIOUS_MOVE = YES;
				CLANG_WARN_UNGUARDED_AVAILABILITY = YES_AGGRESSIVE;
				CLANG_WARN_UNREACHABLE_CODE = YES;
				CLANG_WARN__DUPLICATE_METHOD_MATCH = YES;
				COPY_PHASE_STRIP = NO;
				DEBUG_INFORMATION_FORMAT = "dwarf-with-dsym";
				ENABLE_NS_ASSERTIONS = NO;
				ENABLE_STRICT_OBJC_MSGSEND = YES;
				GCC_C_LANGUAGE_STANDARD = gnu11;
				GCC_NO_COMMON_BLOCKS = YES;
				GCC_WARN_64_TO_32_BIT_CONVERSION = YES;
				GCC_WARN_ABOUT_RETURN_TYPE = YES_ERROR;
				GCC_WARN_UNDECLARED_SELECTOR = YES;
				GCC_WARN_UNINITIALIZED_AUTOS = YES_AGGRESSIVE;
				GCC_WARN_UNUSED_FUNCTION = YES;
				GCC_WARN_UNUSED_VARIABLE = YES;
				INFOPLIST_KEY_UIMainStoryboardFile = "";
				IPHONEOS_DEPLOYMENT_TARGET = 15.5;
				MTL_ENABLE_DEBUG_INFO = NO;
				MTL_FAST_MATH = YES;
				SDKROOT = iphoneos;
				SWIFT_COMPILATION_MODE = wholemodule;
				SWIFT_OPTIMIZATION_LEVEL = "-O";
				VALIDATE_PRODUCT = YES;
			};
			name = Release;
		};
		7855E86028D323510091F5B4 /* Debug */ = {
			isa = XCBuildConfiguration;
			buildSettings = {
				ASSETCATALOG_COMPILER_APPICON_NAME = AppIcon;
				ASSETCATALOG_COMPILER_GLOBAL_ACCENT_COLOR_NAME = AccentColor;
				CODE_SIGN_STYLE = Automatic;
				CURRENT_PROJECT_VERSION = 1;
				DEVELOPMENT_TEAM = Q5TKUQ5ZUC;
				GENERATE_INFOPLIST_FILE = YES;
				INFOPLIST_FILE = Fooderland/Info.plist;
				INFOPLIST_KEY_UIApplicationSupportsIndirectInputEvents = YES;
				INFOPLIST_KEY_UILaunchStoryboardName = LaunchScreen;
				INFOPLIST_KEY_UIMainStoryboardFile = Onboarding;
				INFOPLIST_KEY_UISupportedInterfaceOrientations_iPad = "UIInterfaceOrientationPortrait UIInterfaceOrientationPortraitUpsideDown UIInterfaceOrientationLandscapeLeft UIInterfaceOrientationLandscapeRight";
				INFOPLIST_KEY_UISupportedInterfaceOrientations_iPhone = "UIInterfaceOrientationPortrait UIInterfaceOrientationLandscapeLeft UIInterfaceOrientationLandscapeRight";
				LD_RUNPATH_SEARCH_PATHS = (
					"$(inherited)",
					"@executable_path/Frameworks",
				);
				MARKETING_VERSION = 1.0;
				PRODUCT_BUNDLE_IDENTIFIER = com.tolgakaanaysu.Fooderland;
				PRODUCT_NAME = "$(TARGET_NAME)";
				SWIFT_EMIT_LOC_STRINGS = YES;
				SWIFT_VERSION = 5.0;
				TARGETED_DEVICE_FAMILY = "1,2";
			};
			name = Debug;
		};
		7855E86128D323510091F5B4 /* Release */ = {
			isa = XCBuildConfiguration;
			buildSettings = {
				ASSETCATALOG_COMPILER_APPICON_NAME = AppIcon;
				ASSETCATALOG_COMPILER_GLOBAL_ACCENT_COLOR_NAME = AccentColor;
				CODE_SIGN_STYLE = Automatic;
				CURRENT_PROJECT_VERSION = 1;
				DEVELOPMENT_TEAM = Q5TKUQ5ZUC;
				GENERATE_INFOPLIST_FILE = YES;
				INFOPLIST_FILE = Fooderland/Info.plist;
				INFOPLIST_KEY_UIApplicationSupportsIndirectInputEvents = YES;
				INFOPLIST_KEY_UILaunchStoryboardName = LaunchScreen;
				INFOPLIST_KEY_UIMainStoryboardFile = Onboarding;
				INFOPLIST_KEY_UISupportedInterfaceOrientations_iPad = "UIInterfaceOrientationPortrait UIInterfaceOrientationPortraitUpsideDown UIInterfaceOrientationLandscapeLeft UIInterfaceOrientationLandscapeRight";
				INFOPLIST_KEY_UISupportedInterfaceOrientations_iPhone = "UIInterfaceOrientationPortrait UIInterfaceOrientationLandscapeLeft UIInterfaceOrientationLandscapeRight";
				LD_RUNPATH_SEARCH_PATHS = (
					"$(inherited)",
					"@executable_path/Frameworks",
				);
				MARKETING_VERSION = 1.0;
				PRODUCT_BUNDLE_IDENTIFIER = com.tolgakaanaysu.Fooderland;
				PRODUCT_NAME = "$(TARGET_NAME)";
				SWIFT_EMIT_LOC_STRINGS = YES;
				SWIFT_VERSION = 5.0;
				TARGETED_DEVICE_FAMILY = "1,2";
			};
			name = Release;
		};
/* End XCBuildConfiguration section */

/* Begin XCConfigurationList section */
		7855E84628D3234F0091F5B4 /* Build configuration list for PBXProject "Fooderland" */ = {
			isa = XCConfigurationList;
			buildConfigurations = (
				7855E85D28D323510091F5B4 /* Debug */,
				7855E85E28D323510091F5B4 /* Release */,
			);
			defaultConfigurationIsVisible = 0;
			defaultConfigurationName = Release;
		};
		7855E85F28D323510091F5B4 /* Build configuration list for PBXNativeTarget "Fooderland" */ = {
			isa = XCConfigurationList;
			buildConfigurations = (
				7855E86028D323510091F5B4 /* Debug */,
				7855E86128D323510091F5B4 /* Release */,
			);
			defaultConfigurationIsVisible = 0;
			defaultConfigurationName = Release;
		};
/* End XCConfigurationList section */

/* Begin XCRemoteSwiftPackageReference section */
		7855E8FE28D324AB0091F5B4 /* XCRemoteSwiftPackageReference "Alamofire" */ = {
			isa = XCRemoteSwiftPackageReference;
			repositoryURL = "https://github.com/Alamofire/Alamofire.git";
			requirement = {
				branch = master;
				kind = branch;
			};
		};
		7855E90128D324D30091F5B4 /* XCRemoteSwiftPackageReference "ProgressHUD" */ = {
			isa = XCRemoteSwiftPackageReference;
			repositoryURL = "https://github.com/relatedcode/ProgressHUD.git";
			requirement = {
				branch = master;
				kind = branch;
			};
		};
		7855E90428D3258D0091F5B4 /* XCRemoteSwiftPackageReference "firebase-ios-sdk" */ = {
			isa = XCRemoteSwiftPackageReference;
			repositoryURL = "https://github.com/firebase/firebase-ios-sdk";
			requirement = {
				kind = upToNextMajorVersion;
				minimumVersion = 8.0.0;
			};
		};
		7855E90728D326390091F5B4 /* XCRemoteSwiftPackageReference "Kingfisher" */ = {
			isa = XCRemoteSwiftPackageReference;
			repositoryURL = "https://github.com/onevcat/Kingfisher.git";
			requirement = {
				branch = master;
				kind = branch;
			};
		};
/* End XCRemoteSwiftPackageReference section */

/* Begin XCSwiftPackageProductDependency section */
		7855E8FF28D324AB0091F5B4 /* Alamofire */ = {
			isa = XCSwiftPackageProductDependency;
			package = 7855E8FE28D324AB0091F5B4 /* XCRemoteSwiftPackageReference "Alamofire" */;
			productName = Alamofire;
		};
		7855E90228D324D30091F5B4 /* ProgressHUD */ = {
			isa = XCSwiftPackageProductDependency;
			package = 7855E90128D324D30091F5B4 /* XCRemoteSwiftPackageReference "ProgressHUD" */;
			productName = ProgressHUD;
		};
		7855E90528D3258D0091F5B4 /* FirebaseAuth */ = {
			isa = XCSwiftPackageProductDependency;
			package = 7855E90428D3258D0091F5B4 /* XCRemoteSwiftPackageReference "firebase-ios-sdk" */;
			productName = FirebaseAuth;
		};
		7855E90828D3263A0091F5B4 /* Kingfisher */ = {
			isa = XCSwiftPackageProductDependency;
			package = 7855E90728D326390091F5B4 /* XCRemoteSwiftPackageReference "Kingfisher" */;
			productName = Kingfisher;
		};
/* End XCSwiftPackageProductDependency section */
	};
	rootObject = 7855E84328D3234F0091F5B4 /* Project object */;
}
